
Microsoft Visual Studio Solution File, Format Version 12.00
# Visual Studio Version 17
VisualStudioVersion = 17.7.34221.43
MinimumVisualStudioVersion = 10.0.40219.1
Project("{FAE04EC0-301F-11D3-BF4B-00C04F79EFBC}") = "SortingArray", "SortingArray.csproj", "{083E9414-F403-4A8F-981F-25CB24072DBF}"
EndProject
Global
	GlobalSection(SolutionConfigurationPlatforms) = preSolution
		Debug|Any CPU = Debug|Any CPU
		Release|Any CPU = Release|Any CPU
	EndGlobalSection
	GlobalSection(ProjectConfigurationPlatforms) = postSolution
		{083E9414-F403-4A8F-981F-25CB24072DBF}.Debug|Any CPU.ActiveCfg = Debug|Any CPU
		{083E9414-F403-4A8F-981F-25CB24072DBF}.Debug|Any CPU.Build.0 = Debug|Any CPU
		{083E9414-F403-4A8F-981F-25CB24072DBF}.Release|Any CPU.ActiveCfg = Release|Any CPU
		{083E9414-F403-4A8F-981F-25CB24072DBF}.Release|Any CPU.Build.0 = Release|Any CPU
	EndGlobalSection
	GlobalSection(SolutionProperties) = preSolution
		HideSolutionNode = FALSE
	EndGlobalSection
	GlobalSection(ExtensibilityGlobals) = postSolution
		SolutionGuid = {65CEE564-BD49-41A5-BB04-F8B7E1F366FA}
	EndGlobalSection
EndGlobal
