
Microsoft Visual Studio Solution File, Format Version 12.00
# Visual Studio Version 17
VisualStudioVersion = 17.7.34221.43
MinimumVisualStudioVersion = 10.0.40219.1
Project("{FAE04EC0-301F-11D3-BF4B-00C04F79EFBC}") = "BiggestNumber", "BiggestNumber.csproj", "{DDD538D9-4D0C-4CE1-8863-083333E8CC48}"
EndProject
Global
	GlobalSection(SolutionConfigurationPlatforms) = preSolution
		Debug|Any CPU = Debug|Any CPU
		Release|Any CPU = Release|Any CPU
	EndGlobalSection
	GlobalSection(ProjectConfigurationPlatforms) = postSolution
		{DDD538D9-4D0C-4CE1-8863-083333E8CC48}.Debug|Any CPU.ActiveCfg = Debug|Any CPU
		{DDD538D9-4D0C-4CE1-8863-083333E8CC48}.Debug|Any CPU.Build.0 = Debug|Any CPU
		{DDD538D9-4D0C-4CE1-8863-083333E8CC48}.Release|Any CPU.ActiveCfg = Release|Any CPU
		{DDD538D9-4D0C-4CE1-8863-083333E8CC48}.Release|Any CPU.Build.0 = Release|Any CPU
	EndGlobalSection
	GlobalSection(SolutionProperties) = preSolution
		HideSolutionNode = FALSE
	EndGlobalSection
	GlobalSection(ExtensibilityGlobals) = postSolution
		SolutionGuid = {49CFA467-2469-492A-BEB8-DCB6B8A84C18}
	EndGlobalSection
EndGlobal
