
Microsoft Visual Studio Solution File, Format Version 12.00
# Visual Studio Version 17
VisualStudioVersion = 17.7.34221.43
MinimumVisualStudioVersion = 10.0.40219.1
Project("{FAE04EC0-301F-11D3-BF4B-00C04F79EFBC}") = "FibonacciSeries", "FibonacciSeries.csproj", "{603AC9B8-0310-4080-906C-8E5719607E97}"
EndProject
Global
	GlobalSection(SolutionConfigurationPlatforms) = preSolution
		Debug|Any CPU = Debug|Any CPU
		Release|Any CPU = Release|Any CPU
	EndGlobalSection
	GlobalSection(ProjectConfigurationPlatforms) = postSolution
		{603AC9B8-0310-4080-906C-8E5719607E97}.Debug|Any CPU.ActiveCfg = Debug|Any CPU
		{603AC9B8-0310-4080-906C-8E5719607E97}.Debug|Any CPU.Build.0 = Debug|Any CPU
		{603AC9B8-0310-4080-906C-8E5719607E97}.Release|Any CPU.ActiveCfg = Release|Any CPU
		{603AC9B8-0310-4080-906C-8E5719607E97}.Release|Any CPU.Build.0 = Release|Any CPU
	EndGlobalSection
	GlobalSection(SolutionProperties) = preSolution
		HideSolutionNode = FALSE
	EndGlobalSection
	GlobalSection(ExtensibilityGlobals) = postSolution
		SolutionGuid = {3639F0BE-7776-47F1-962A-34EE963994CD}
	EndGlobalSection
EndGlobal
